
Microsoft Visual Studio Solution File, Format Version 12.00
# Visual Studio Version 17
VisualStudioVersion = 17.0.31903.59
MinimumVisualStudioVersion = 10.0.40219.1
Project("{FAE04EC0-301F-11D3-BF4B-00C04F79EFBC}") = "Engine", "src\Engine\Engine.csproj", "{E1C61377-9AAB-42EE-B1AA-51BC2C926968}"
EndProject
Project("{FAE04EC0-301F-11D3-BF4B-00C04F79EFBC}") = "Sandbox", "src\Sandbox\Sandbox.csproj", "{F079118E-DE71-4CA5-AA4E-6DDB7F6840B5}"
EndProject
Global
	GlobalSection(SolutionConfigurationPlatforms) = preSolution
		Debug|Any CPU = Debug|Any CPU
		Release|Any CPU = Release|Any CPU
	EndGlobalSection
	GlobalSection(ProjectConfigurationPlatforms) = postSolution
		{E1C61377-9AAB-42EE-B1AA-51BC2C926968}.Debug|Any CPU.ActiveCfg = Debug|Any CPU
		{E1C61377-9AAB-42EE-B1AA-51BC2C926968}.Debug|Any CPU.Build.0 = Debug|Any CPU
		{E1C61377-9AAB-42EE-B1AA-51BC2C926968}.Release|Any CPU.ActiveCfg = Release|Any CPU
		{E1C61377-9AAB-42EE-B1AA-51BC2C926968}.Release|Any CPU.Build.0 = Release|Any CPU
		{F079118E-DE71-4CA5-AA4E-6DDB7F6840B5}.Debug|Any CPU.ActiveCfg = Debug|Any CPU
		{F079118E-DE71-4CA5-AA4E-6DDB7F6840B5}.Debug|Any CPU.Build.0 = Debug|Any CPU
		{F079118E-DE71-4CA5-AA4E-6DDB7F6840B5}.Release|Any CPU.ActiveCfg = Release|Any CPU
		{F079118E-DE71-4CA5-AA4E-6DDB7F6840B5}.Release|Any CPU.Build.0 = Release|Any CPU
	EndGlobalSection
	GlobalSection(SolutionProperties) = preSolution
		HideSolutionNode = FALSE
	EndGlobalSection
EndGlobal
